{
  "name": "vue-barcode-reader",
  "version": "0.0.1",
  "lockfileVersion": 1,
  "requires": true,
  "dependencies": {
    "@zxing/library": {
      "version": "0.15.1",
      "resolved": "https://registry.npmjs.org/@zxing/library/-/library-0.15.1.tgz",
      "integrity": "sha512-YeQbmY2nWpIBgR9i74mDnoYxJPSvY7Zy0Zz6+KDCQ+wLb20++9dX2v1iH3Wt/kZ5pntqS0K0V5eZkuk4SibbEw==",
      "requires": {
        "text-encoding": "^0.7.0",
        "ts-custom-error": "^3.0.0"
      }
    },
    "text-encoding": {
      "version": "0.7.0",
      "resolved": "https://registry.npmjs.org/text-encoding/-/text-encoding-0.7.0.tgz",
      "integrity": "sha512-oJQ3f1hrOnbRLOcwKz0Liq2IcrvDeZRHXhd9RgLrsT+DjWY/nty1Hi7v3dtkaEYbPYe0mUoOfzRrMwfXXwgPUA==",
      "optional": true
    },
    "ts-custom-error": {
      "version": "3.1.1",
      "resolved": "https://registry.npmjs.org/ts-custom-error/-/ts-custom-error-3.1.1.tgz",
      "integrity": "sha512-f/syoy+pTE4z82qaiRuthEeZtCGNKzlfs0Zc8jpQFcz/CYMaFSwFSdfFt1sSFnPlDLOEm7RCROdIxZ44N8UlwA=="
    }
  }
}
